
Microsoft Visual Studio Solution File, Format Version 12.00
# Visual Studio Version 17
VisualStudioVersion = 17.2.32616.157
MinimumVisualStudioVersion = 10.0.40219.1
Project("{8BC9CEB8-8B4A-11D0-8D11-00A0C91BC942}") = "RWSimplifiedPatcher", "RWSimplifiedPatcher.vcxproj", "{EE55A6E4-E241-4431-B6D1-71661EB6656E}"
EndProject
Project("{8BC9CEB8-8B4A-11D0-8D11-00A0C91BC942}") = "replace", "replace\replace.vcxproj", "{15233ECF-D6EC-4BC8-9A99-77081552207F}"
EndProject
Project("{8BC9CEB8-8B4A-11D0-8D11-00A0C91BC942}") = "helper", "helper\helper.vcxproj", "{2688B90E-0191-4CFE-8659-8F77D178FFD8}"
EndProject
Global
	GlobalSection(SolutionConfigurationPlatforms) = preSolution
		Debug|x64 = Debug|x64
		Debug|x86 = Debug|x86
		Release|x64 = Release|x64
		Release|x86 = Release|x86
	EndGlobalSection
	GlobalSection(ProjectConfigurationPlatforms) = postSolution
		{EE55A6E4-E241-4431-B6D1-71661EB6656E}.Debug|x64.ActiveCfg = Debug|x64
		{EE55A6E4-E241-4431-B6D1-71661EB6656E}.Debug|x64.Build.0 = Debug|x64
		{EE55A6E4-E241-4431-B6D1-71661EB6656E}.Debug|x86.ActiveCfg = Debug|Win32
		{EE55A6E4-E241-4431-B6D1-71661EB6656E}.Debug|x86.Build.0 = Debug|Win32
		{EE55A6E4-E241-4431-B6D1-71661EB6656E}.Release|x64.ActiveCfg = Release|x64
		{EE55A6E4-E241-4431-B6D1-71661EB6656E}.Release|x64.Build.0 = Release|x64
		{EE55A6E4-E241-4431-B6D1-71661EB6656E}.Release|x86.ActiveCfg = Release|Win32
		{EE55A6E4-E241-4431-B6D1-71661EB6656E}.Release|x86.Build.0 = Release|Win32
		{15233ECF-D6EC-4BC8-9A99-77081552207F}.Debug|x64.ActiveCfg = Debug|x64
		{15233ECF-D6EC-4BC8-9A99-77081552207F}.Debug|x64.Build.0 = Debug|x64
		{15233ECF-D6EC-4BC8-9A99-77081552207F}.Debug|x86.ActiveCfg = Debug|Win32
		{15233ECF-D6EC-4BC8-9A99-77081552207F}.Debug|x86.Build.0 = Debug|Win32
		{15233ECF-D6EC-4BC8-9A99-77081552207F}.Release|x64.ActiveCfg = Release|x64
		{15233ECF-D6EC-4BC8-9A99-77081552207F}.Release|x64.Build.0 = Release|x64
		{15233ECF-D6EC-4BC8-9A99-77081552207F}.Release|x86.ActiveCfg = Release|Win32
		{15233ECF-D6EC-4BC8-9A99-77081552207F}.Release|x86.Build.0 = Release|Win32
		{2688B90E-0191-4CFE-8659-8F77D178FFD8}.Debug|x64.ActiveCfg = Debug|x64
		{2688B90E-0191-4CFE-8659-8F77D178FFD8}.Debug|x64.Build.0 = Debug|x64
		{2688B90E-0191-4CFE-8659-8F77D178FFD8}.Debug|x86.ActiveCfg = Debug|Win32
		{2688B90E-0191-4CFE-8659-8F77D178FFD8}.Debug|x86.Build.0 = Debug|Win32
		{2688B90E-0191-4CFE-8659-8F77D178FFD8}.Release|x64.ActiveCfg = Release|x64
		{2688B90E-0191-4CFE-8659-8F77D178FFD8}.Release|x64.Build.0 = Release|x64
		{2688B90E-0191-4CFE-8659-8F77D178FFD8}.Release|x86.ActiveCfg = Release|Win32
		{2688B90E-0191-4CFE-8659-8F77D178FFD8}.Release|x86.Build.0 = Release|Win32
	EndGlobalSection
	GlobalSection(SolutionProperties) = preSolution
		HideSolutionNode = FALSE
	EndGlobalSection
	GlobalSection(ExtensibilityGlobals) = postSolution
		SolutionGuid = {F2B71A18-2DA3-4418-999A-5C73F35489D3}
	EndGlobalSection
EndGlobal
